
Microsoft Visual Studio Solution File, Format Version 12.00
# Visual Studio Express 2012 for Web
Project("{FAE04EC0-301F-11D3-BF4B-00C04F79EFBC}") = "underscore.d.ts", "underscore.d.ts.csproj", "{AE8E50A6-8016-4D4D-88A8-6146DB8AE66F}"
EndProject
Global
	GlobalSection(SolutionConfigurationPlatforms) = preSolution
		Debug|Any CPU = Debug|Any CPU
		Release|Any CPU = Release|Any CPU
	EndGlobalSection
	GlobalSection(ProjectConfigurationPlatforms) = postSolution
		{AE8E50A6-8016-4D4D-88A8-6146DB8AE66F}.Debug|Any CPU.ActiveCfg = Debug|Any CPU
		{AE8E50A6-8016-4D4D-88A8-6146DB8AE66F}.Debug|Any CPU.Build.0 = Debug|Any CPU
		{AE8E50A6-8016-4D4D-88A8-6146DB8AE66F}.Release|Any CPU.ActiveCfg = Release|Any CPU
		{AE8E50A6-8016-4D4D-88A8-6146DB8AE66F}.Release|Any CPU.Build.0 = Release|Any CPU
	EndGlobalSection
	GlobalSection(SolutionProperties) = preSolution
		HideSolutionNode = FALSE
	EndGlobalSection
EndGlobal
